
Microsoft Visual Studio Solution File, Format Version 12.00
# Visual Studio Version 17
VisualStudioVersion = 17.14.36518.9 d17.14
MinimumVisualStudioVersion = 10.0.40219.1
Project("{FAE04EC0-301F-11D3-BF4B-00C04F79EFBC}") = "MCP", "MCP.csproj", "{4E7AA686-9C1D-48B2-937C-44E9C83D938A}"
EndProject
Global
	GlobalSection(SolutionConfigurationPlatforms) = preSolution
		Debug|Any CPU = Debug|Any CPU
		Release|Any CPU = Release|Any CPU
	EndGlobalSection
	GlobalSection(ProjectConfigurationPlatforms) = postSolution
		{4E7AA686-9C1D-48B2-937C-44E9C83D938A}.Debug|Any CPU.ActiveCfg = Debug|Any CPU
		{4E7AA686-9C1D-48B2-937C-44E9C83D938A}.Debug|Any CPU.Build.0 = Debug|Any CPU
		{4E7AA686-9C1D-48B2-937C-44E9C83D938A}.Release|Any CPU.ActiveCfg = Release|Any CPU
		{4E7AA686-9C1D-48B2-937C-44E9C83D938A}.Release|Any CPU.Build.0 = Release|Any CPU
	EndGlobalSection
	GlobalSection(SolutionProperties) = preSolution
		HideSolutionNode = FALSE
	EndGlobalSection
	GlobalSection(ExtensibilityGlobals) = postSolution
		SolutionGuid = {A1E39F37-8DF7-4B4D-AC6F-3CDCDAC8CBB6}
	EndGlobalSection
EndGlobal
